
Microsoft Visual Studio Solution File, Format Version 12.00
# Visual Studio Version 16
VisualStudioVersion = 16.0.29102.190
MinimumVisualStudioVersion = 10.0.40219.1
Project("{FAE04EC0-301F-11D3-BF4B-00C04F79EFBC}") = "restlessmedia.Module.Meta", "src\restlessmedia.Module.Meta.csproj", "{8736BF70-F3F2-41B6-B3E5-04E05DF24B6A}"
EndProject
Project("{2150E333-8FDC-42A3-9474-1A3956D46DE8}") = "Solution Items", "Solution Items", "{A12890F5-5803-489E-B363-0D0F1C726B26}"
	ProjectSection(SolutionItems) = preProject
		.gitattributes = .gitattributes
		.gitignore = .gitignore
		nuget.config = nuget.config
	EndProjectSection
EndProject
Global
	GlobalSection(SolutionConfigurationPlatforms) = preSolution
		Debug|Any CPU = Debug|Any CPU
		Release|Any CPU = Release|Any CPU
	EndGlobalSection
	GlobalSection(ProjectConfigurationPlatforms) = postSolution
		{8736BF70-F3F2-41B6-B3E5-04E05DF24B6A}.Debug|Any CPU.ActiveCfg = Debug|Any CPU
		{8736BF70-F3F2-41B6-B3E5-04E05DF24B6A}.Debug|Any CPU.Build.0 = Debug|Any CPU
		{8736BF70-F3F2-41B6-B3E5-04E05DF24B6A}.Release|Any CPU.ActiveCfg = Release|Any CPU
		{8736BF70-F3F2-41B6-B3E5-04E05DF24B6A}.Release|Any CPU.Build.0 = Release|Any CPU
	EndGlobalSection
	GlobalSection(SolutionProperties) = preSolution
		HideSolutionNode = FALSE
	EndGlobalSection
	GlobalSection(ExtensibilityGlobals) = postSolution
		EnterpriseLibraryConfigurationToolBinariesPathV6 = packages\EnterpriseLibrary.Common.6.0.1304.0\lib\NET45;packages\EnterpriseLibrary.TransientFaultHandling.6.0.1304.0\lib\portable-net45+win+wp8
		SolutionGuid = {C77AEF51-046A-4110-9723-295D4BA615A2}
	EndGlobalSection
EndGlobal
